
Microsoft Visual Studio Solution File, Format Version 12.00
# Visual Studio 15
VisualStudioVersion = 15.0.27004.2008
MinimumVisualStudioVersion = 10.0.40219.1
Project("{FAE04EC0-301F-11D3-BF4B-00C04F79EFBC}") = "QuizApp", "QuizApp\QuizApp.csproj", "{086A1A0D-2FF3-466F-9ECF-4DEBB2C1C406}"
EndProject
Global
	GlobalSection(SolutionConfigurationPlatforms) = preSolution
		Debug|Any CPU = Debug|Any CPU
		Release|Any CPU = Release|Any CPU
	EndGlobalSection
	GlobalSection(ProjectConfigurationPlatforms) = postSolution
		{086A1A0D-2FF3-466F-9ECF-4DEBB2C1C406}.Debug|Any CPU.ActiveCfg = Debug|Any CPU
		{086A1A0D-2FF3-466F-9ECF-4DEBB2C1C406}.Debug|Any CPU.Build.0 = Debug|Any CPU
		{086A1A0D-2FF3-466F-9ECF-4DEBB2C1C406}.Release|Any CPU.ActiveCfg = Release|Any CPU
		{086A1A0D-2FF3-466F-9ECF-4DEBB2C1C406}.Release|Any CPU.Build.0 = Release|Any CPU
	EndGlobalSection
	GlobalSection(SolutionProperties) = preSolution
		HideSolutionNode = FALSE
	EndGlobalSection
	GlobalSection(ExtensibilityGlobals) = postSolution
		SolutionGuid = {3B2C7E8E-1F31-49D7-9973-BA58E72E8CA1}
	EndGlobalSection
EndGlobal
